
Microsoft Visual Studio Solution File, Format Version 12.00
# Visual Studio 15
VisualStudioVersion = 15.0.27130.2010
MinimumVisualStudioVersion = 10.0.40219.1
Project("{8BC9CEB8-8B4A-11D0-8D11-00A0C91BC942}") = "Crystal ball interface", "Crystal ball interface\Crystal ball interface.vcxproj", "{4B782C5C-0504-4966-9219-21CE982E3C9B}"
EndProject
Global
	GlobalSection(SolutionConfigurationPlatforms) = preSolution
		Debug|x64 = Debug|x64
		Debug|x86 = Debug|x86
		Release|x64 = Release|x64
		Release|x86 = Release|x86
	EndGlobalSection
	GlobalSection(ProjectConfigurationPlatforms) = postSolution
		{4B782C5C-0504-4966-9219-21CE982E3C9B}.Debug|x64.ActiveCfg = Debug|x64
		{4B782C5C-0504-4966-9219-21CE982E3C9B}.Debug|x64.Build.0 = Debug|x64
		{4B782C5C-0504-4966-9219-21CE982E3C9B}.Debug|x86.ActiveCfg = Debug|Win32
		{4B782C5C-0504-4966-9219-21CE982E3C9B}.Debug|x86.Build.0 = Debug|Win32
		{4B782C5C-0504-4966-9219-21CE982E3C9B}.Release|x64.ActiveCfg = Release|x64
		{4B782C5C-0504-4966-9219-21CE982E3C9B}.Release|x64.Build.0 = Release|x64
		{4B782C5C-0504-4966-9219-21CE982E3C9B}.Release|x86.ActiveCfg = Release|Win32
		{4B782C5C-0504-4966-9219-21CE982E3C9B}.Release|x86.Build.0 = Release|Win32
	EndGlobalSection
	GlobalSection(SolutionProperties) = preSolution
		HideSolutionNode = FALSE
	EndGlobalSection
	GlobalSection(ExtensibilityGlobals) = postSolution
		SolutionGuid = {33302014-027D-441D-BB3D-81D5F2EA913A}
	EndGlobalSection
EndGlobal
